{
  "version": "2",
  "remote": {
    "https://deno.land/std@0.127.0/_util/assert.ts": "6396c1bd0361c4939e7f32f9b03efffcd04b640a1b206ed67058553d6cb59cc4",
    "https://deno.land/std@0.127.0/_util/os.ts": "49b92edea1e82ba295ec946de8ffd956ed123e2948d9bd1d3e901b04e4307617",
    "https://deno.land/std@0.127.0/encoding/base64.ts": "784384e3cc39c59534d15f71e87f5b8da73cc5e1460417eb32ec9d62617d4f87",
    "https://deno.land/std@0.127.0/path/_constants.ts": "df1db3ffa6dd6d1252cc9617e5d72165cd2483df90e93833e13580687b6083c3",
    "https://deno.land/std@0.127.0/path/_interface.ts": "ee3b431a336b80cf445441109d089b70d87d5e248f4f90ff906820889ecf8d09",
    "https://deno.land/std@0.127.0/path/_util.ts": "c1e9686d0164e29f7d880b2158971d805b6e0efc3110d0b3e24e4b8af2190d2b",
    "https://deno.land/std@0.127.0/path/common.ts": "bee563630abd2d97f99d83c96c2fa0cca7cee103e8cb4e7699ec4d5db7bd2633",
    "https://deno.land/std@0.127.0/path/glob.ts": "cb5255638de1048973c3e69e420c77dc04f75755524cb3b2e160fe9277d939ee",
    "https://deno.land/std@0.127.0/path/mod.ts": "4275129bb766f0e475ecc5246aa35689eeade419d72a48355203f31802640be7",
    "https://deno.land/std@0.127.0/path/posix.ts": "663e4a6fe30a145f56aa41a22d95114c4c5582d8b57d2d7c9ed27ad2c47636bb",
    "https://deno.land/std@0.127.0/path/separator.ts": "fe1816cb765a8068afb3e8f13ad272351c85cbc739af56dacfc7d93d710fe0f9",
    "https://deno.land/std@0.127.0/path/win32.ts": "e7bdf63e8d9982b4d8a01ef5689425c93310ece950e517476e22af10f41a136e",
    "https://deno.land/std@0.150.0/media_types/_util.ts": "ce9b4fc4ba1c447dafab619055e20fd88236ca6bdd7834a21f98bd193c3fbfa1",
    "https://deno.land/std@0.150.0/media_types/mod.ts": "2d4b6f32a087029272dc59e0a55ae3cc4d1b27b794ccf528e94b1925795b3118",
    "https://deno.land/std@0.150.0/media_types/vendor/mime-db.v1.52.0.ts": "724cee25fa40f1a52d3937d6b4fbbfdd7791ff55e1b7ac08d9319d5632c7f5af",
    "https://deno.land/std@0.159.0/encoding/ascii85.ts": "f2b9cb8da1a55b3f120d3de2e78ac993183a4fd00dfa9cb03b51cf3a75bc0baa",
    "https://deno.land/std@0.162.0/_util/assert.ts": "e94f2eb37cebd7f199952e242c77654e43333c1ac4c5c700e929ea3aa5489f74",
    "https://deno.land/std@0.162.0/bytes/bytes_list.ts": "aba5e2369e77d426b10af1de0dcc4531acecec27f9b9056f4f7bfbf8ac147ab4",
    "https://deno.land/std@0.162.0/bytes/equals.ts": "3c3558c3ae85526f84510aa2b48ab2ad7bdd899e2e0f5b7a8ffc85acb3a6043a",
    "https://deno.land/std@0.162.0/bytes/mod.ts": "b2e342fd3669176a27a4e15061e9d588b89c1aaf5008ab71766e23669565d179",
    "https://deno.land/std@0.162.0/io/buffer.ts": "fae02290f52301c4e0188670e730cd902f9307fb732d79c4aa14ebdc82497289",
    "https://deno.land/std@0.162.0/io/types.d.ts": "107e1e64834c5ba917c783f446b407d33432c5d612c4b3430df64fc2b4ecf091",
    "https://deno.land/std@0.162.0/streams/conversion.ts": "555c6c249f3acf85655f2d0af52d1cb3168e40b1c1fa26beefea501b333abe28",
    "https://deno.land/x/brotli@0.1.7/mod.ts": "08b913e51488b6e7fa181f2814b9ad087fdb5520041db0368f8156bfa45fd73e",
    "https://deno.land/x/brotli@0.1.7/wasm.js": "77771b89e89ec7ff6e3e0939a7fb4f9b166abec3504cec0532ad5c127d6f35d2",
    "https://deno.land/x/eszip@v0.30.0/eszip_wasm.generated.js": "6e79e9954957abfd5ed4fe57e3a568f4368336db7a122c37bd8bf48302ad568d",
    "https://deno.land/x/eszip@v0.30.0/loader.ts": "fea27f6649c0e2965b785715355f415de9369879e8948f51a3b0973dce7807a6",
    "https://deno.land/x/eszip@v0.30.0/mod.ts": "1ab71595e9f0b771987276f96d323c3e03ad7f41fc653b38c44dfd51439c20e1",
    "https://deno.land/x/eszip@v0.35.0/eszip_wasm.generated.js": "19ec5ee17dba6ec59ddc8f5836f3f2bef332982d9772e7f42d78b89250baffac",
    "https://deno.land/x/eszip@v0.35.0/loader.ts": "31bae51763d86b8e60df3b3a8d0359e71d2ff32451af5f27ff7854bdd6f1f726",
    "https://deno.land/x/eszip@v0.35.0/mod.ts": "1ab71595e9f0b771987276f96d323c3e03ad7f41fc653b38c44dfd51439c20e1",
    "https://deno.land/x/lz4@v0.1.2/mod.ts": "4decfc1a3569d03fd1813bd39128b71c8f082850fe98ecfdde20025772916582",
    "https://deno.land/x/lz4@v0.1.2/wasm.js": "b9c65605327ba273f0c76a6dc596ec534d4cda0f0225d7a94ebc606782319e46",
    "https://deno.land/x/xhr@0.3.0/mod.ts": "094aacd627fd9635cd942053bf8032b5223b909858fa9dc8ffa583752ff63b20",
    "https://esm.sh/@supabase/supabase-js@2.15.0": "25abb3b31b97231c37420d2192e93a4f0b1252b67788de9b0f5889a6c61f92e3",
    "https://esm.sh/langchain@0.0.123": "76b080646b06b41eafaaf0d9387924bf31d3fcaeed320bec6c1433eae4700696",
    "https://esm.sh/langchain@0.0.123/": "76b080646b06b41eafaaf0d9387924bf31d3fcaeed320bec6c1433eae4700696",
    "https://esm.sh/pdf-parse@1.1.1": "c7f57d7709fc52300567bca58c8fdb32af87a0347040123052b7f331c17a51bf",
    "https://esm.sh/pdf-parse@1.1.1/": "c7f57d7709fc52300567bca58c8fdb32af87a0347040123052b7f331c17a51bf",
    "https://esm.sh/v130/@supabase/functions-js@2.1.2/denonext/functions-js.mjs": "92dc047177efa03e873a246e8424055a4927c743f3228ab3ce4341a4c8873d16",
    "https://esm.sh/v130/@supabase/gotrue-js@2.46.1/denonext/gotrue-js.mjs": "8efa6d920e443693ebb00ad1ddc425ba7050a9a533405380690f4aa4d29e1672",
    "https://esm.sh/v130/@supabase/postgrest-js@1.7.2/denonext/postgrest-js.mjs": "21d822eac6e461dc08292e6e9136b72cb8c73d8961f3a1058f5f53e4561f894c",
    "https://esm.sh/v130/@supabase/realtime-js@2.7.3/denonext/realtime-js.mjs": "a293c3b4035cee0f2d0ca8eddf978d1b05e31aaa2cd40943c0d4952ae7df9229",
    "https://esm.sh/v130/@supabase/storage-js@2.5.1/denonext/storage-js.mjs": "183bcdc6c1a0e8b10c6ac47f08ecb6a03c84ec7d134f487322174dcb42d3d0d8",
    "https://esm.sh/v130/@supabase/supabase-js@2.15.0/denonext/supabase-js.mjs": "a7a0974ff09528084b8bff6fe8d4810dc8fba2a4db70339ef29b42d7d867b69a",
    "https://esm.sh/v130/ansi-styles@5.2.0/denonext/ansi-styles.mjs": "8a10e68165432fcfd0929bdeb4e33a194af8b790702f60b2ea0477749990964c",
    "https://esm.sh/v130/axios@0.26.1/denonext/axios.mjs": "e3d7485d29d94cfca52dee884a786ac1776abbc74e1e0c0e2fab13b6b5ea8465",
    "https://esm.sh/v130/axios@1.4.0/denonext/axios.mjs": "74e77c29405edeb7e9e42cb111a6536df52d8b7d789a3d37bc4fa70a074220c0",
    "https://esm.sh/v130/base64-js@1.5.1/denonext/base64-js.mjs": "fc961905a7e7a9a1c753f006903a610306d299569a0b3af9c48318a28ac48b84",
    "https://esm.sh/v130/camelcase@6.3.0/denonext/camelcase.mjs": "ac0c366a0afa66cdf9eab2f6e188e0d86fce8d59d410e9642b216c1548b1c35f",
    "https://esm.sh/v130/cross-fetch@3.1.8/denonext/cross-fetch.mjs": "8fba9e7c3fbaf0d2168beb63ce0cd21b5bfbfbd77e2fcbf8d957d533a71222f6",
    "https://esm.sh/v130/decamelize@1.2.0/denonext/decamelize.mjs": "504737df810416c264e5b908664fcce90aa57500ef725b262a8bea0ccb7f8e14",
    "https://esm.sh/v130/es5-ext@0.10.62/denonext/global.js": "2f51d9acef1f761faaa542da919b3c747744ea29fe709d0a904fd531716a93d6",
    "https://esm.sh/v130/eventemitter3@4.0.7/denonext/eventemitter3.mjs": "6f8a6195e1a9effb73bb163c577400d608dec7c4e0bd839045fd9ea4db66e9fe",
    "https://esm.sh/v130/form-data@4.0.0/denonext/form-data.mjs": "48e84ac3b590bc364839367938d7e48ca37615a0c66e56dcc7356c3172ec7790",
    "https://esm.sh/v130/js-tiktoken@1.0.7/denonext/lite.js": "2bec402f84e7845a66838a200c04386d1b3ae48bc3bb148d4206d707d72bcc1f",
    "https://esm.sh/v130/langchain@0.0.123/denonext/dist/chains/api/api_chain.js": "de7205958a979cf75c61e8cb2727e3ca2a2bf47466c65d7baee523b3dc615ee7",
    "https://esm.sh/v130/langchain@0.0.123/denonext/dist/chains/combine_docs_chain.js": "130c24cb138550c81c2b286834ce02a43c6e134460b1e654bdc9546bf7bfaca3",
    "https://esm.sh/v130/langchain@0.0.123/denonext/dist/chains/llm_chain.js": "023639d59a2517f5ef1f2be8897f9531141f9a03ebfd6be938bfa613403e1e2b",
    "https://esm.sh/v130/langchain@0.0.123/denonext/dist/chains/sequential_chain.js": "dea3104acc0b3a72dc3351a9188dc5aef0c7a9ed15f280675075c3c0a84c7552",
    "https://esm.sh/v130/langchain@0.0.123/denonext/dist/chains/vector_db_qa.js": "29d46c52f6d5c5dcb8c82a912fe6349e53f5807ba87d43186cadf587bc061ade",
    "https://esm.sh/v130/langchain@0.0.123/denonext/dist/chat_models/openai.js": "c1df997a780aa8861f18ac8be6cde76fd98977c87eb1a04bd7aa4a33f592cac4",
    "https://esm.sh/v130/langchain@0.0.123/denonext/dist/llms/openai.js": "cdf7239b3d8cf559c653c63ff4819bb435a96583beae7c9686de53057ae9eb44",
    "https://esm.sh/v130/langchain@0.0.123/denonext/dist/prompts/few_shot.js": "37488f874b903ef7f348d33f48372f77a7a6b879dbd7e3d036f37c52977a7e37",
    "https://esm.sh/v130/langchain@0.0.123/denonext/dist/prompts/prompt.js": "bbd041014d02aa040b2ec34f21919b1a1fc567645f0f5f12e819c786e43e18f2",
    "https://esm.sh/v130/langchain@0.0.123/denonext/langchain.mjs": "1858c70a7f0866764124b0b272bca7de8ceb3f00aff0571ce72a2a8ccaa31a09",
    "https://esm.sh/v130/langsmith@0.0.17/denonext/langsmith.mjs": "141fc2355fc53d4f4b0e2ff85d5f13ed0780f70cd2a2383502fb343b220a6a71",
    "https://esm.sh/v130/object-hash@3.0.0/denonext/object-hash.mjs": "65332eff7744ce30d948ed6df1c107dd6a1a6809faf6be703d5dd7449d16e90a",
    "https://esm.sh/v130/openai@3.3.0/denonext/openai.mjs": "bba21ff9a656473396940c18b7df4d89ef4196f932561023350c38e993dcf771",
    "https://esm.sh/v130/p-finally@1.0.0/denonext/p-finally.mjs": "5ad31f91b28a49a738260a79a0be34bf64bcd03ee7909350dd0227e573eae781",
    "https://esm.sh/v130/p-queue@6.6.2/denonext/p-queue.mjs": "bba616862dfdb171784a6b6a90745fa9ab314cdcd0717624271a0b02055a865a",
    "https://esm.sh/v130/p-retry@4.6.2/denonext/p-retry.mjs": "32acc9b17ea8313cb10631457263517db5f120e71d737fcc5eb414c9a940d40b",
    "https://esm.sh/v130/p-timeout@3.2.0/denonext/p-timeout.mjs": "14b5b6bb9d6f834bc4f407dbcd997bb7502e65def36e86ccf70e26e41e7983e5",
    "https://esm.sh/v130/pdf-parse@1.1.1/denonext/pdf-parse.mjs": "0eff952f33667621cc0329f0fe551d5341c2e4503b6633ba7dbb1895343f3a53",
    "https://esm.sh/v130/retry@0.13.1/denonext/retry.mjs": "0d9e9d51789f08a5d07d34e16693a133f0faaca52379af8639c682370b6c5ad7",
    "https://esm.sh/v130/uuid@9.0.0/denonext/uuid.mjs": "ac96be3c985ecc0f0a14dfe23d6ec8d37b2360e9a331f3330d557b7f5210aa53",
    "https://esm.sh/v130/websocket@1.0.34/denonext/websocket.mjs": "521c9ffa12d700b9ad6fa7bf3c9559c0726eea67162db29fc29ede813643268f",
    "https://esm.sh/v130/zod-to-json-schema@3.21.4/denonext/zod-to-json-schema.mjs": "fe4997905dc7967e5fef7c64fa59738c4d8fb188ebd9752c0e482a9dd572ee9e",
    "https://esm.sh/v130/zod@3.21.4/denonext/zod.mjs": "3e104633fb5d127189f1a38f52f5620a21ec8988d639b5adcf5a65be1cbbcc62"
  }
}
